// !$*UTF8*$!
{
	archiveVersion = 1;
	classes = {
	};
	objectVersion = 50;
	objects = {

/* Begin PBXBuildFile section */
		33DEC95425147D780073F1C6 /* AppDelegate.swift in Sources */ = {isa = PBXBuildFile; fileRef = 33DEC95325147D780073F1C6 /* AppDelegate.swift */; };
		33DEC95625147D780073F1C6 /* SceneDelegate.swift in Sources */ = {isa = PBXBuildFile; fileRef = 33DEC95525147D780073F1C6 /* SceneDelegate.swift */; };
		33DEC95825147D780073F1C6 /* ViewController.swift in Sources */ = {isa = PBXBuildFile; fileRef = 33DEC95725147D780073F1C6 /* ViewController.swift */; };
		33DEC95B25147D780073F1C6 /* Main.storyboard in Resources */ = {isa = PBXBuildFile; fileRef = 33DEC95925147D780073F1C6 /* Main.storyboard */; };
		33DEC95D25147D790073F1C6 /* Assets.xcassets in Resources */ = {isa = PBXBuildFile; fileRef = 33DEC95C25147D790073F1C6 /* Assets.xcassets */; };
		33DEC96025147D790073F1C6 /* LaunchScreen.storyboard in Resources */ = {isa = PBXBuildFile; fileRef = 33DEC95E25147D790073F1C6 /* LaunchScreen.storyboard */; };
		33DEC96B25147D790073F1C6 /* HqiOSTookitDemoTests.swift in Sources */ = {isa = PBXBuildFile; fileRef = 33DEC96A25147D790073F1C6 /* HqiOSTookitDemoTests.swift */; };
		33DEC97625147D790073F1C6 /* HqiOSTookitDemoUITests.swift in Sources */ = {isa = PBXBuildFile; fileRef = 33DEC97525147D790073F1C6 /* HqiOSTookitDemoUITests.swift */; };
		33DEC9AB251480B50073F1C6 /* HqiOSTookit.framework in Frameworks */ = {isa = PBXBuildFile; fileRef = 33DEC9AA251480B50073F1C6 /* HqiOSTookit.framework */; };
		33DEC9AC251480B50073F1C6 /* HqiOSTookit.framework in Embed Frameworks */ = {isa = PBXBuildFile; fileRef = 33DEC9AA251480B50073F1C6 /* HqiOSTookit.framework */; settings = {ATTRIBUTES = (CodeSignOnCopy, RemoveHeadersOnCopy, ); }; };
/* End PBXBuildFile section */

/* Begin PBXContainerItemProxy section */
		33DEC96725147D790073F1C6 /* PBXContainerItemProxy */ = {
			isa = PBXContainerItemProxy;
			containerPortal = 33DEC94825147D780073F1C6 /* Project object */;
			proxyType = 1;
			remoteGlobalIDString = 33DEC94F25147D780073F1C6;
			remoteInfo = HqiOSTookitDemo;
		};
		33DEC97225147D790073F1C6 /* PBXContainerItemProxy */ = {
			isa = PBXContainerItemProxy;
			containerPortal = 33DEC94825147D780073F1C6 /* Project object */;
			proxyType = 1;
			remoteGlobalIDString = 33DEC94F25147D780073F1C6;
			remoteInfo = HqiOSTookitDemo;
		};
/* End PBXContainerItemProxy section */

/* Begin PBXCopyFilesBuildPhase section */
		33DEC9A525147F990073F1C6 /* Embed Frameworks */ = {
			isa = PBXCopyFilesBuildPhase;
			buildActionMask = 2147483647;
			dstPath = "";
			dstSubfolderSpec = 10;
			files = (
				33DEC9AC251480B50073F1C6 /* HqiOSTookit.framework in Embed Frameworks */,
			);
			name = "Embed Frameworks";
			runOnlyForDeploymentPostprocessing = 0;
		};
/* End PBXCopyFilesBuildPhase section */

/* Begin PBXFileReference section */
		33DEC95025147D780073F1C6 /* HqiOSTookitDemo.app */ = {isa = PBXFileReference; explicitFileType = wrapper.application; includeInIndex = 0; path = HqiOSTookitDemo.app; sourceTree = BUILT_PRODUCTS_DIR; };
		33DEC95325147D780073F1C6 /* AppDelegate.swift */ = {isa = PBXFileReference; lastKnownFileType = sourcecode.swift; path = AppDelegate.swift; sourceTree = "<group>"; };
		33DEC95525147D780073F1C6 /* SceneDelegate.swift */ = {isa = PBXFileReference; lastKnownFileType = sourcecode.swift; path = SceneDelegate.swift; sourceTree = "<group>"; };
		33DEC95725147D780073F1C6 /* ViewController.swift */ = {isa = PBXFileReference; lastKnownFileType = sourcecode.swift; path = ViewController.swift; sourceTree = "<group>"; };
		33DEC95A25147D780073F1C6 /* Base */ = {isa = PBXFileReference; lastKnownFileType = file.storyboard; name = Base; path = Base.lproj/Main.storyboard; sourceTree = "<group>"; };
		33DEC95C25147D790073F1C6 /* Assets.xcassets */ = {isa = PBXFileReference; lastKnownFileType = folder.assetcatalog; path = Assets.xcassets; sourceTree = "<group>"; };
		33DEC95F25147D790073F1C6 /* Base */ = {isa = PBXFileReference; lastKnownFileType = file.storyboard; name = Base; path = Base.lproj/LaunchScreen.storyboard; sourceTree = "<group>"; };
		33DEC96125147D790073F1C6 /* Info.plist */ = {isa = PBXFileReference; lastKnownFileType = text.plist.xml; path = Info.plist; sourceTree = "<group>"; };
		33DEC96625147D790073F1C6 /* HqiOSTookitDemoTests.xctest */ = {isa = PBXFileReference; explicitFileType = wrapper.cfbundle; includeInIndex = 0; path = HqiOSTookitDemoTests.xctest; sourceTree = BUILT_PRODUCTS_DIR; };
		33DEC96A25147D790073F1C6 /* HqiOSTookitDemoTests.swift */ = {isa = PBXFileReference; lastKnownFileType = sourcecode.swift; path = HqiOSTookitDemoTests.swift; sourceTree = "<group>"; };
		33DEC96C25147D790073F1C6 /* Info.plist */ = {isa = PBXFileReference; lastKnownFileType = text.plist.xml; path = Info.plist; sourceTree = "<group>"; };
		33DEC97125147D790073F1C6 /* HqiOSTookitDemoUITests.xctest */ = {isa = PBXFileReference; explicitFileType = wrapper.cfbundle; includeInIndex = 0; path = HqiOSTookitDemoUITests.xctest; sourceTree = BUILT_PRODUCTS_DIR; };
		33DEC97525147D790073F1C6 /* HqiOSTookitDemoUITests.swift */ = {isa = PBXFileReference; lastKnownFileType = sourcecode.swift; path = HqiOSTookitDemoUITests.swift; sourceTree = "<group>"; };
		33DEC97725147D790073F1C6 /* Info.plist */ = {isa = PBXFileReference; lastKnownFileType = text.plist.xml; path = Info.plist; sourceTree = "<group>"; };
		33DEC9AA251480B50073F1C6 /* HqiOSTookit.framework */ = {isa = PBXFileReference; explicitFileType = wrapper.framework; path = HqiOSTookit.framework; sourceTree = BUILT_PRODUCTS_DIR; };
/* End PBXFileReference section */

/* Begin PBXFrameworksBuildPhase section */
		33DEC94D25147D780073F1C6 /* Frameworks */ = {
			isa = PBXFrameworksBuildPhase;
			buildActionMask = 2147483647;
			files = (
				33DEC9AB251480B50073F1C6 /* HqiOSTookit.framework in Frameworks */,
			);
			runOnlyForDeploymentPostprocessing = 0;
		};
		33DEC96325147D790073F1C6 /* Frameworks */ = {
			isa = PBXFrameworksBuildPhase;
			buildActionMask = 2147483647;
			files = (
			);
			runOnlyForDeploymentPostprocessing = 0;
		};
		33DEC96E25147D790073F1C6 /* Frameworks */ = {
			isa = PBXFrameworksBuildPhase;
			buildActionMask = 2147483647;
			files = (
			);
			runOnlyForDeploymentPostprocessing = 0;
		};
/* End PBXFrameworksBuildPhase section */

/* Begin PBXGroup section */
		33DEC94725147D780073F1C6 = {
			isa = PBXGroup;
			children = (
				33DEC95225147D780073F1C6 /* HqiOSTookitDemo */,
				33DEC96925147D790073F1C6 /* HqiOSTookitDemoTests */,
				33DEC97425147D790073F1C6 /* HqiOSTookitDemoUITests */,
				33DEC95125147D780073F1C6 /* Products */,
				33DEC99025147E550073F1C6 /* Frameworks */,
			);
			sourceTree = "<group>";
		};
		33DEC95125147D780073F1C6 /* Products */ = {
			isa = PBXGroup;
			children = (
				33DEC95025147D780073F1C6 /* HqiOSTookitDemo.app */,
				33DEC96625147D790073F1C6 /* HqiOSTookitDemoTests.xctest */,
				33DEC97125147D790073F1C6 /* HqiOSTookitDemoUITests.xctest */,
			);
			name = Products;
			sourceTree = "<group>";
		};
		33DEC95225147D780073F1C6 /* HqiOSTookitDemo */ = {
			isa = PBXGroup;
			children = (
				33DEC95325147D780073F1C6 /* AppDelegate.swift */,
				33DEC95525147D780073F1C6 /* SceneDelegate.swift */,
				33DEC95725147D780073F1C6 /* ViewController.swift */,
				33DEC95925147D780073F1C6 /* Main.storyboard */,
				33DEC95C25147D790073F1C6 /* Assets.xcassets */,
				33DEC95E25147D790073F1C6 /* LaunchScreen.storyboard */,
				33DEC96125147D790073F1C6 /* Info.plist */,
			);
			path = HqiOSTookitDemo;
			sourceTree = "<group>";
		};
		33DEC96925147D790073F1C6 /* HqiOSTookitDemoTests */ = {
			isa = PBXGroup;
			children = (
				33DEC96A25147D790073F1C6 /* HqiOSTookitDemoTests.swift */,
				33DEC96C25147D790073F1C6 /* Info.plist */,
			);
			path = HqiOSTookitDemoTests;
			sourceTree = "<group>";
		};
		33DEC97425147D790073F1C6 /* HqiOSTookitDemoUITests */ = {
			isa = PBXGroup;
			children = (
				33DEC97525147D790073F1C6 /* HqiOSTookitDemoUITests.swift */,
				33DEC97725147D790073F1C6 /* Info.plist */,
			);
			path = HqiOSTookitDemoUITests;
			sourceTree = "<group>";
		};
		33DEC99025147E550073F1C6 /* Frameworks */ = {
			isa = PBXGroup;
			children = (
				33DEC9AA251480B50073F1C6 /* HqiOSTookit.framework */,
			);
			name = Frameworks;
			sourceTree = "<group>";
		};
/* End PBXGroup section */

/* Begin PBXNativeTarget section */
		33DEC94F25147D780073F1C6 /* HqiOSTookitDemo */ = {
			isa = PBXNativeTarget;
			buildConfigurationList = 33DEC97A25147D790073F1C6 /* Build configuration list for PBXNativeTarget "HqiOSTookitDemo" */;
			buildPhases = (
				33DEC94C25147D780073F1C6 /* Sources */,
				33DEC94D25147D780073F1C6 /* Frameworks */,
				33DEC94E25147D780073F1C6 /* Resources */,
				33DEC9A525147F990073F1C6 /* Embed Frameworks */,
			);
			buildRules = (
			);
			dependencies = (
			);
			name = HqiOSTookitDemo;
			productName = HqiOSTookitDemo;
			productReference = 33DEC95025147D780073F1C6 /* HqiOSTookitDemo.app */;
			productType = "com.apple.product-type.application";
		};
		33DEC96525147D790073F1C6 /* HqiOSTookitDemoTests */ = {
			isa = PBXNativeTarget;
			buildConfigurationList = 33DEC97D25147D790073F1C6 /* Build configuration list for PBXNativeTarget "HqiOSTookitDemoTests" */;
			buildPhases = (
				33DEC96225147D790073F1C6 /* Sources */,
				33DEC96325147D790073F1C6 /* Frameworks */,
				33DEC96425147D790073F1C6 /* Resources */,
			);
			buildRules = (
			);
			dependencies = (
				33DEC96825147D790073F1C6 /* PBXTargetDependency */,
			);
			name = HqiOSTookitDemoTests;
			productName = HqiOSTookitDemoTests;
			productReference = 33DEC96625147D790073F1C6 /* HqiOSTookitDemoTests.xctest */;
			productType = "com.apple.product-type.bundle.unit-test";
		};
		33DEC97025147D790073F1C6 /* HqiOSTookitDemoUITests */ = {
			isa = PBXNativeTarget;
			buildConfigurationList = 33DEC98025147D790073F1C6 /* Build configuration list for PBXNativeTarget "HqiOSTookitDemoUITests" */;
			buildPhases = (
				33DEC96D25147D790073F1C6 /* Sources */,
				33DEC96E25147D790073F1C6 /* Frameworks */,
				33DEC96F25147D790073F1C6 /* Resources */,
			);
			buildRules = (
			);
			dependencies = (
				33DEC97325147D790073F1C6 /* PBXTargetDependency */,
			);
			name = HqiOSTookitDemoUITests;
			productName = HqiOSTookitDemoUITests;
			productReference = 33DEC97125147D790073F1C6 /* HqiOSTookitDemoUITests.xctest */;
			productType = "com.apple.product-type.bundle.ui-testing";
		};
/* End PBXNativeTarget section */

/* Begin PBXProject section */
		33DEC94825147D780073F1C6 /* Project object */ = {
			isa = PBXProject;
			attributes = {
				LastSwiftUpdateCheck = 1200;
				LastUpgradeCheck = 1200;
				TargetAttributes = {
					33DEC94F25147D780073F1C6 = {
						CreatedOnToolsVersion = 12.0;
					};
					33DEC96525147D790073F1C6 = {
						CreatedOnToolsVersion = 12.0;
						TestTargetID = 33DEC94F25147D780073F1C6;
					};
					33DEC97025147D790073F1C6 = {
						CreatedOnToolsVersion = 12.0;
						TestTargetID = 33DEC94F25147D780073F1C6;
					};
				};
			};
			buildConfigurationList = 33DEC94B25147D780073F1C6 /* Build configuration list for PBXProject "HqiOSTookitDemo" */;
			compatibilityVersion = "Xcode 9.3";
			developmentRegion = en;
			hasScannedForEncodings = 0;
			knownRegions = (
				en,
				Base,
			);
			mainGroup = 33DEC94725147D780073F1C6;
			productRefGroup = 33DEC95125147D780073F1C6 /* Products */;
			projectDirPath = "";
			projectRoot = "";
			targets = (
				33DEC94F25147D780073F1C6 /* HqiOSTookitDemo */,
				33DEC96525147D790073F1C6 /* HqiOSTookitDemoTests */,
				33DEC97025147D790073F1C6 /* HqiOSTookitDemoUITests */,
			);
		};
/* End PBXProject section */

/* Begin PBXResourcesBuildPhase section */
		33DEC94E25147D780073F1C6 /* Resources */ = {
			isa = PBXResourcesBuildPhase;
			buildActionMask = 2147483647;
			files = (
				33DEC96025147D790073F1C6 /* LaunchScreen.storyboard in Resources */,
				33DEC95D25147D790073F1C6 /* Assets.xcassets in Resources */,
				33DEC95B25147D780073F1C6 /* Main.storyboard in Resources */,
			);
			runOnlyForDeploymentPostprocessing = 0;
		};
		33DEC96425147D790073F1C6 /* Resources */ = {
			isa = PBXResourcesBuildPhase;
			buildActionMask = 2147483647;
			files = (
			);
			runOnlyForDeploymentPostprocessing = 0;
		};
		33DEC96F25147D790073F1C6 /* Resources */ = {
			isa = PBXResourcesBuildPhase;
			buildActionMask = 2147483647;
			files = (
			);
			runOnlyForDeploymentPostprocessing = 0;
		};
/* End PBXResourcesBuildPhase section */

/* Begin PBXSourcesBuildPhase section */
		33DEC94C25147D780073F1C6 /* Sources */ = {
			isa = PBXSourcesBuildPhase;
			buildActionMask = 2147483647;
			files = (
				33DEC95825147D780073F1C6 /* ViewController.swift in Sources */,
				33DEC95425147D780073F1C6 /* AppDelegate.swift in Sources */,
				33DEC95625147D780073F1C6 /* SceneDelegate.swift in Sources */,
			);
			runOnlyForDeploymentPostprocessing = 0;
		};
		33DEC96225147D790073F1C6 /* Sources */ = {
			isa = PBXSourcesBuildPhase;
			buildActionMask = 2147483647;
			files = (
				33DEC96B25147D790073F1C6 /* HqiOSTookitDemoTests.swift in Sources */,
			);
			runOnlyForDeploymentPostprocessing = 0;
		};
		33DEC96D25147D790073F1C6 /* Sources */ = {
			isa = PBXSourcesBuildPhase;
			buildActionMask = 2147483647;
			files = (
				33DEC97625147D790073F1C6 /* HqiOSTookitDemoUITests.swift in Sources */,
			);
			runOnlyForDeploymentPostprocessing = 0;
		};
/* End PBXSourcesBuildPhase section */

/* Begin PBXTargetDependency section */
		33DEC96825147D790073F1C6 /* PBXTargetDependency */ = {
			isa = PBXTargetDependency;
			target = 33DEC94F25147D780073F1C6 /* HqiOSTookitDemo */;
			targetProxy = 33DEC96725147D790073F1C6 /* PBXContainerItemProxy */;
		};
		33DEC97325147D790073F1C6 /* PBXTargetDependency */ = {
			isa = PBXTargetDependency;
			target = 33DEC94F25147D780073F1C6 /* HqiOSTookitDemo */;
			targetProxy = 33DEC97225147D790073F1C6 /* PBXContainerItemProxy */;
		};
/* End PBXTargetDependency section */

/* Begin PBXVariantGroup section */
		33DEC95925147D780073F1C6 /* Main.storyboard */ = {
			isa = PBXVariantGroup;
			children = (
				33DEC95A25147D780073F1C6 /* Base */,
			);
			name = Main.storyboard;
			sourceTree = "<group>";
		};
		33DEC95E25147D790073F1C6 /* LaunchScreen.storyboard */ = {
			isa = PBXVariantGroup;
			children = (
				33DEC95F25147D790073F1C6 /* Base */,
			);
			name = LaunchScreen.storyboard;
			sourceTree = "<group>";
		};
/* End PBXVariantGroup section */

/* Begin XCBuildConfiguration section */
		33DEC97825147D790073F1C6 /* Debug */ = {
			isa = XCBuildConfiguration;
			buildSettings = {
				ALWAYS_SEARCH_USER_PATHS = NO;
				CLANG_ANALYZER_NONNULL = YES;
				CLANG_ANALYZER_NUMBER_OBJECT_CONVERSION = YES_AGGRESSIVE;
				CLANG_CXX_LANGUAGE_STANDARD = "gnu++14";
				CLANG_CXX_LIBRARY = "libc++";
				CLANG_ENABLE_MODULES = YES;
				CLANG_ENABLE_OBJC_ARC = YES;
				CLANG_ENABLE_OBJC_WEAK = YES;
				CLANG_WARN_BLOCK_CAPTURE_AUTORELEASING = YES;
				CLANG_WARN_BOOL_CONVERSION = YES;
				CLANG_WARN_COMMA = YES;
				CLANG_WARN_CONSTANT_CONVERSION = YES;
				CLANG_WARN_DEPRECATED_OBJC_IMPLEMENTATIONS = YES;
				CLANG_WARN_DIRECT_OBJC_ISA_USAGE = YES_ERROR;
				CLANG_WARN_DOCUMENTATION_COMMENTS = YES;
				CLANG_WARN_EMPTY_BODY = YES;
				CLANG_WARN_ENUM_CONVERSION = YES;
				CLANG_WARN_INFINITE_RECURSION = YES;
				CLANG_WARN_INT_CONVERSION = YES;
				CLANG_WARN_NON_LITERAL_NULL_CONVERSION = YES;
				CLANG_WARN_OBJC_IMPLICIT_RETAIN_SELF = YES;
				CLANG_WARN_OBJC_LITERAL_CONVERSION = YES;
				CLANG_WARN_OBJC_ROOT_CLASS = YES_ERROR;
				CLANG_WARN_QUOTED_INCLUDE_IN_FRAMEWORK_HEADER = YES;
				CLANG_WARN_RANGE_LOOP_ANALYSIS = YES;
				CLANG_WARN_STRICT_PROTOTYPES = YES;
				CLANG_WARN_SUSPICIOUS_MOVE = YES;
				CLANG_WARN_UNGUARDED_AVAILABILITY = YES_AGGRESSIVE;
				CLANG_WARN_UNREACHABLE_CODE = YES;
				CLANG_WARN__DUPLICATE_METHOD_MATCH = YES;
				COPY_PHASE_STRIP = NO;
				DEBUG_INFORMATION_FORMAT = dwarf;
				ENABLE_STRICT_OBJC_MSGSEND = YES;
				ENABLE_TESTABILITY = YES;
				GCC_C_LANGUAGE_STANDARD = gnu11;
				GCC_DYNAMIC_NO_PIC = NO;
				GCC_NO_COMMON_BLOCKS = YES;
				GCC_OPTIMIZATION_LEVEL = 0;
				GCC_PREPROCESSOR_DEFINITIONS = (
					"DEBUG=1",
					"$(inherited)",
				);
				GCC_WARN_64_TO_32_BIT_CONVERSION = YES;
				GCC_WARN_ABOUT_RETURN_TYPE = YES_ERROR;
				GCC_WARN_UNDECLARED_SELECTOR = YES;
				GCC_WARN_UNINITIALIZED_AUTOS = YES_AGGRESSIVE;
				GCC_WARN_UNUSED_FUNCTION = YES;
				GCC_WARN_UNUSED_VARIABLE = YES;
				IPHONEOS_DEPLOYMENT_TARGET = 10.0;
				MTL_ENABLE_DEBUG_INFO = INCLUDE_SOURCE;
				MTL_FAST_MATH = YES;
				ONLY_ACTIVE_ARCH = YES;
				SDKROOT = iphoneos;
				SWIFT_ACTIVE_COMPILATION_CONDITIONS = DEBUG;
				SWIFT_OPTIMIZATION_LEVEL = "-Onone";
			};
			name = Debug;
		};
		33DEC97925147D790073F1C6 /* Release */ = {
			isa = XCBuildConfiguration;
			buildSettings = {
				ALWAYS_SEARCH_USER_PATHS = NO;
				CLANG_ANALYZER_NONNULL = YES;
				CLANG_ANALYZER_NUMBER_OBJECT_CONVERSION = YES_AGGRESSIVE;
				CLANG_CXX_LANGUAGE_STANDARD = "gnu++14";
				CLANG_CXX_LIBRARY = "libc++";
				CLANG_ENABLE_MODULES = YES;
				CLANG_ENABLE_OBJC_ARC = YES;
				CLANG_ENABLE_OBJC_WEAK = YES;
				CLANG_WARN_BLOCK_CAPTURE_AUTORELEASING = YES;
				CLANG_WARN_BOOL_CONVERSION = YES;
				CLANG_WARN_COMMA = YES;
				CLANG_WARN_CONSTANT_CONVERSION = YES;
				CLANG_WARN_DEPRECATED_OBJC_IMPLEMENTATIONS = YES;
				CLANG_WARN_DIRECT_OBJC_ISA_USAGE = YES_ERROR;
				CLANG_WARN_DOCUMENTATION_COMMENTS = YES;
				CLANG_WARN_EMPTY_BODY = YES;
				CLANG_WARN_ENUM_CONVERSION = YES;
				CLANG_WARN_INFINITE_RECURSION = YES;
				CLANG_WARN_INT_CONVERSION = YES;
				CLANG_WARN_NON_LITERAL_NULL_CONVERSION = YES;
				CLANG_WARN_OBJC_IMPLICIT_RETAIN_SELF = YES;
				CLANG_WARN_OBJC_LITERAL_CONVERSION = YES;
				CLANG_WARN_OBJC_ROOT_CLASS = YES_ERROR;
				CLANG_WARN_QUOTED_INCLUDE_IN_FRAMEWORK_HEADER = YES;
				CLANG_WARN_RANGE_LOOP_ANALYSIS = YES;
				CLANG_WARN_STRICT_PROTOTYPES = YES;
				CLANG_WARN_SUSPICIOUS_MOVE = YES;
				CLANG_WARN_UNGUARDED_AVAILABILITY = YES_AGGRESSIVE;
				CLANG_WARN_UNREACHABLE_CODE = YES;
				CLANG_WARN__DUPLICATE_METHOD_MATCH = YES;
				COPY_PHASE_STRIP = NO;
				DEBUG_INFORMATION_FORMAT = "dwarf-with-dsym";
				ENABLE_NS_ASSERTIONS = NO;
				ENABLE_STRICT_OBJC_MSGSEND = YES;
				GCC_C_LANGUAGE_STANDARD = gnu11;
				GCC_NO_COMMON_BLOCKS = YES;
				GCC_WARN_64_TO_32_BIT_CONVERSION = YES;
				GCC_WARN_ABOUT_RETURN_TYPE = YES_ERROR;
				GCC_WARN_UNDECLARED_SELECTOR = YES;
				GCC_WARN_UNINITIALIZED_AUTOS = YES_AGGRESSIVE;
				GCC_WARN_UNUSED_FUNCTION = YES;
				GCC_WARN_UNUSED_VARIABLE = YES;
				IPHONEOS_DEPLOYMENT_TARGET = 10.0;
				MTL_ENABLE_DEBUG_INFO = NO;
				MTL_FAST_MATH = YES;
				SDKROOT = iphoneos;
				SWIFT_COMPILATION_MODE = wholemodule;
				SWIFT_OPTIMIZATION_LEVEL = "-O";
				VALIDATE_PRODUCT = YES;
			};
			name = Release;
		};
		33DEC97B25147D790073F1C6 /* Debug */ = {
			isa = XCBuildConfiguration;
			buildSettings = {
				ASSETCATALOG_COMPILER_APPICON_NAME = AppIcon;
				ASSETCATALOG_COMPILER_GLOBAL_ACCENT_COLOR_NAME = AccentColor;
				CODE_SIGN_STYLE = Automatic;
				DEVELOPMENT_TEAM = C9F6VFYR26;
				INFOPLIST_FILE = HqiOSTookitDemo/Info.plist;
				LD_RUNPATH_SEARCH_PATHS = (
					"$(inherited)",
					"@executable_path/Frameworks",
				);
				PRODUCT_BUNDLE_IDENTIFIER = com.hhq.HqiOSTookitDemo;
				PRODUCT_NAME = "$(TARGET_NAME)";
				SWIFT_VERSION = 5.0;
				TARGETED_DEVICE_FAMILY = "1,2";
			};
			name = Debug;
		};
		33DEC97C25147D790073F1C6 /* Release */ = {
			isa = XCBuildConfiguration;
			buildSettings = {
				ASSETCATALOG_COMPILER_APPICON_NAME = AppIcon;
				ASSETCATALOG_COMPILER_GLOBAL_ACCENT_COLOR_NAME = AccentColor;
				CODE_SIGN_STYLE = Automatic;
				DEVELOPMENT_TEAM = C9F6VFYR26;
				INFOPLIST_FILE = HqiOSTookitDemo/Info.plist;
				LD_RUNPATH_SEARCH_PATHS = (
					"$(inherited)",
					"@executable_path/Frameworks",
				);
				PRODUCT_BUNDLE_IDENTIFIER = com.hhq.HqiOSTookitDemo;
				PRODUCT_NAME = "$(TARGET_NAME)";
				SWIFT_VERSION = 5.0;
				TARGETED_DEVICE_FAMILY = "1,2";
			};
			name = Release;
		};
		33DEC97E25147D790073F1C6 /* Debug */ = {
			isa = XCBuildConfiguration;
			buildSettings = {
				ALWAYS_EMBED_SWIFT_STANDARD_LIBRARIES = YES;
				BUNDLE_LOADER = "$(TEST_HOST)";
				CODE_SIGN_STYLE = Automatic;
				DEVELOPMENT_TEAM = C9F6VFYR26;
				INFOPLIST_FILE = HqiOSTookitDemoTests/Info.plist;
				IPHONEOS_DEPLOYMENT_TARGET = 14.0;
				LD_RUNPATH_SEARCH_PATHS = (
					"$(inherited)",
					"@executable_path/Frameworks",
					"@loader_path/Frameworks",
				);
				PRODUCT_BUNDLE_IDENTIFIER = com.hhq.HqiOSTookitDemoTests;
				PRODUCT_NAME = "$(TARGET_NAME)";
				SWIFT_VERSION = 5.0;
				TARGETED_DEVICE_FAMILY = "1,2";
				TEST_HOST = "$(BUILT_PRODUCTS_DIR)/HqiOSTookitDemo.app/HqiOSTookitDemo";
			};
			name = Debug;
		};
		33DEC97F25147D790073F1C6 /* Release */ = {
			isa = XCBuildConfiguration;
			buildSettings = {
				ALWAYS_EMBED_SWIFT_STANDARD_LIBRARIES = YES;
				BUNDLE_LOADER = "$(TEST_HOST)";
				CODE_SIGN_STYLE = Automatic;
				DEVELOPMENT_TEAM = C9F6VFYR26;
				INFOPLIST_FILE = HqiOSTookitDemoTests/Info.plist;
				IPHONEOS_DEPLOYMENT_TARGET = 14.0;
				LD_RUNPATH_SEARCH_PATHS = (
					"$(inherited)",
					"@executable_path/Frameworks",
					"@loader_path/Frameworks",
				);
				PRODUCT_BUNDLE_IDENTIFIER = com.hhq.HqiOSTookitDemoTests;
				PRODUCT_NAME = "$(TARGET_NAME)";
				SWIFT_VERSION = 5.0;
				TARGETED_DEVICE_FAMILY = "1,2";
				TEST_HOST = "$(BUILT_PRODUCTS_DIR)/HqiOSTookitDemo.app/HqiOSTookitDemo";
			};
			name = Release;
		};
		33DEC98125147D790073F1C6 /* Debug */ = {
			isa = XCBuildConfiguration;
			buildSettings = {
				ALWAYS_EMBED_SWIFT_STANDARD_LIBRARIES = YES;
				CODE_SIGN_STYLE = Automatic;
				DEVELOPMENT_TEAM = C9F6VFYR26;
				INFOPLIST_FILE = HqiOSTookitDemoUITests/Info.plist;
				LD_RUNPATH_SEARCH_PATHS = (
					"$(inherited)",
					"@executable_path/Frameworks",
					"@loader_path/Frameworks",
				);
				PRODUCT_BUNDLE_IDENTIFIER = com.hhq.HqiOSTookitDemoUITests;
				PRODUCT_NAME = "$(TARGET_NAME)";
				SWIFT_VERSION = 5.0;
				TARGETED_DEVICE_FAMILY = "1,2";
				TEST_TARGET_NAME = HqiOSTookitDemo;
			};
			name = Debug;
		};
		33DEC98225147D790073F1C6 /* Release */ = {
			isa = XCBuildConfiguration;
			buildSettings = {
				ALWAYS_EMBED_SWIFT_STANDARD_LIBRARIES = YES;
				CODE_SIGN_STYLE = Automatic;
				DEVELOPMENT_TEAM = C9F6VFYR26;
				INFOPLIST_FILE = HqiOSTookitDemoUITests/Info.plist;
				LD_RUNPATH_SEARCH_PATHS = (
					"$(inherited)",
					"@executable_path/Frameworks",
					"@loader_path/Frameworks",
				);
				PRODUCT_BUNDLE_IDENTIFIER = com.hhq.HqiOSTookitDemoUITests;
				PRODUCT_NAME = "$(TARGET_NAME)";
				SWIFT_VERSION = 5.0;
				TARGETED_DEVICE_FAMILY = "1,2";
				TEST_TARGET_NAME = HqiOSTookitDemo;
			};
			name = Release;
		};
/* End XCBuildConfiguration section */

/* Begin XCConfigurationList section */
		33DEC94B25147D780073F1C6 /* Build configuration list for PBXProject "HqiOSTookitDemo" */ = {
			isa = XCConfigurationList;
			buildConfigurations = (
				33DEC97825147D790073F1C6 /* Debug */,
				33DEC97925147D790073F1C6 /* Release */,
			);
			defaultConfigurationIsVisible = 0;
			defaultConfigurationName = Release;
		};
		33DEC97A25147D790073F1C6 /* Build configuration list for PBXNativeTarget "HqiOSTookitDemo" */ = {
			isa = XCConfigurationList;
			buildConfigurations = (
				33DEC97B25147D790073F1C6 /* Debug */,
				33DEC97C25147D790073F1C6 /* Release */,
			);
			defaultConfigurationIsVisible = 0;
			defaultConfigurationName = Release;
		};
		33DEC97D25147D790073F1C6 /* Build configuration list for PBXNativeTarget "HqiOSTookitDemoTests" */ = {
			isa = XCConfigurationList;
			buildConfigurations = (
				33DEC97E25147D790073F1C6 /* Debug */,
				33DEC97F25147D790073F1C6 /* Release */,
			);
			defaultConfigurationIsVisible = 0;
			defaultConfigurationName = Release;
		};
		33DEC98025147D790073F1C6 /* Build configuration list for PBXNativeTarget "HqiOSTookitDemoUITests" */ = {
			isa = XCConfigurationList;
			buildConfigurations = (
				33DEC98125147D790073F1C6 /* Debug */,
				33DEC98225147D790073F1C6 /* Release */,
			);
			defaultConfigurationIsVisible = 0;
			defaultConfigurationName = Release;
		};
/* End XCConfigurationList section */
	};
	rootObject = 33DEC94825147D780073F1C6 /* Project object */;
}
